
Microsoft Visual Studio Solution File, Format Version 12.00
# Visual Studio 14
VisualStudioVersion = 14.0.24720.0
MinimumVisualStudioVersion = 10.0.40219.1
Project("{FAE04EC0-301F-11D3-BF4B-00C04F79EFBC}") = "Module", "Module\Module.csproj", "{95EE4CF1-D508-45A8-9680-203B71453F98}"
EndProject
Project("{FAE04EC0-301F-11D3-BF4B-00C04F79EFBC}") = "Tests", "Tests\Tests.csproj", "{2A066BD0-A18B-4BC1-B986-DA918695D09D}"
EndProject
Global
	GlobalSection(SolutionConfigurationPlatforms) = preSolution
		Debug|Any CPU = Debug|Any CPU
		Release|Any CPU = Release|Any CPU
	EndGlobalSection
	GlobalSection(ProjectConfigurationPlatforms) = postSolution
		{95EE4CF1-D508-45A8-9680-203B71453F98}.Debug|Any CPU.ActiveCfg = Debug|Any CPU
		{95EE4CF1-D508-45A8-9680-203B71453F98}.Debug|Any CPU.Build.0 = Debug|Any CPU
		{95EE4CF1-D508-45A8-9680-203B71453F98}.Release|Any CPU.ActiveCfg = Release|Any CPU
		{95EE4CF1-D508-45A8-9680-203B71453F98}.Release|Any CPU.Build.0 = Release|Any CPU
		{2A066BD0-A18B-4BC1-B986-DA918695D09D}.Debug|Any CPU.ActiveCfg = Debug|Any CPU
		{2A066BD0-A18B-4BC1-B986-DA918695D09D}.Debug|Any CPU.Build.0 = Debug|Any CPU
		{2A066BD0-A18B-4BC1-B986-DA918695D09D}.Release|Any CPU.ActiveCfg = Release|Any CPU
		{2A066BD0-A18B-4BC1-B986-DA918695D09D}.Release|Any CPU.Build.0 = Release|Any CPU
	EndGlobalSection
	GlobalSection(SolutionProperties) = preSolution
		HideSolutionNode = FALSE
	EndGlobalSection
EndGlobal
